{
  "nodes": {
    "nixpkgs": {
      "locked": {
        "lastModified": 1778869304,
        "narHash": "sha256-30sZNZoA1cqF5JNO9fVX+wgiQYjB7HJqqJ4ztCDeBZE=",
        "owner": "nixos",
        "repo": "nixpkgs",
        "rev": "d233902339c02a9c334e7e593de68855ad26c4cb",
        "type": "github"
      },
      "original": {
        "owner": "nixos",
        "ref": "nixos-unstable",
        "repo": "nixpkgs",
        "type": "github"
      }
    },
    "root": {
      "inputs": {
        "nixpkgs": "nixpkgs",
        "sllm-src": "sllm-src"
      }
    },
    "sllm-src": {
      "flake": false,
      "locked": {
        "lastModified": 1779618061,
        "narHash": "sha256-4nj48wYqi/BnWLJOCtqt/f0xywBOVlMQfVbwEkq1G9A=",
        "owner": "Nattotata",
        "repo": "sllm.nvim",
        "rev": "67dfc9914331166fb128b4b1a60f5bb945054f29",
        "type": "github"
      },
      "original": {
        "owner": "Nattotata",
        "repo": "sllm.nvim",
        "type": "github"
      }
    }
  },
  "root": "root",
  "version": 7
}
